{
    "_meta": {
        "hash": {
            "sha256": "76f1085475e603d89872186db2047776b5b96b27531b307051aa5c550484fe18"
        },
        "pipfile-spec": 6,
        "requires": {
            "python_version": "3.9"
        },
        "sources": [
            {
                "name": "pypi",
                "url": "https://pypi.org/simple",
                "verify_ssl": true
            }
        ]
    },
    "default": {
        "altgraph": {
            "hashes": [
                "sha256:743628f2ac6a7c26f5d9223c91ed8ecbba535f506f4b6f558885a8a56a105857",
                "sha256:ebf2269361b47d97b3b88e696439f6e4cbc607c17c51feb1754f90fb79839158"
            ],
            "version": "==0.17.2"
        },
        "attrs": {
            "hashes": [
                "sha256:2d27e3784d7a565d36ab851fe94887c5eccd6a463168875832a1be79c82828b4",
                "sha256:626ba8234211db98e869df76230a137c4c40a12d72445c45d5f5b716f076e2fd"
            ],
            "markers": "python_version >= '2.7' and python_version not in '3.0, 3.1, 3.2, 3.3, 3.4'",
            "version": "==21.4.0"
        },
        "crepairfix": {
            "editable": true,
            "path": "."
        },
        "loguru": {
            "hashes": [
                "sha256:066bd06758d0a513e9836fd9c6b5a75bfb3fd36841f4b996bc60b547a309d41c",
                "sha256:4e2414d534a2ab57573365b3e6d0234dfb1d84b68b7f3b948e6fb743860a77c3"
            ],
            "markers": "python_version >= '3.5'",
            "version": "==0.6.0"
        },
        "pyinstaller": {
            "hashes": [
                "sha256:29b3f17d75ff58b12db7b0116df1b3382c8345aefd500a177987eaf0599dec03",
                "sha256:3c9bc373b4a4bf6d81b306b9918e290a3de582d7b50a0f6f4e837970a4db0c54",
                "sha256:588f2840c27a8a7e1b1fa361f107a1060c5096b36d3c94c243b23687ee41609d",
                "sha256:9596c70c860cbce19537354db95b180351959b4cd14a70db6ab1d1432668c313",
                "sha256:996e296d1dfe27c3e89efc26dbcc247f49c0801a9b5e22e2b39f5b983cf5c2f5",
                "sha256:a90ee3181c88aed0893bf537a50ad547655f5d555a5b731215a5fe1946d2f3db",
                "sha256:ac003d49bbd62f6712b5631487049cee4f0a07445dd31c6d05e5724e33689fca",
                "sha256:c421b46ebf81ad4498de480640ce1a47ac15dfd3938dfc2e1c0846cb5cdb0c59",
                "sha256:d3852c1f8fe6ca2f5c7942c845dc6d1f6140aa7860fe3500eac3ac88875d1dd4",
                "sha256:d8bfe5c32b4b5aaa91a5c1c7912fe3e5d13e7671f3468ee7742ec71ca192a975",
                "sha256:f786cb013ebfd3fb23ddb46285902663e31256220b12b368f8c36e859a77ebc9"
            ],
            "index": "pypi",
            "version": "==5.1"
        },
        "pyinstaller-hooks-contrib": {
            "hashes": [
                "sha256:5fdb97dcae177955db7ab27840cba97b89dc0c7f4fd9142bba0f9b8d8df85c48",
                "sha256:6675634279cfe9e475580fb310c3d557037baefb065e6cb5a69a124361b926fd"
            ],
            "markers": "python_version >= '3.7'",
            "version": "==2022.7"
        }
    },
    "develop": {}
}
